<?xml version="1.0" encoding="UTF-8" standalone="yes" ?>
<CodeBlocks_project_file>
	<FileVersion major="1" minor="6" />
	<Project>
		<Option title="Lib" />
		<Option platforms="Windows;Unix;" />
		<Option pch_mode="2" />
		<Option compiler="gcc" />
		<Build>
			<Target title="Debug">
				<Option output="../bin/Debug/Lib" prefix_auto="1" extension_auto="1" />
				<Option object_output="../obj/Debug/" />
				<Option type="3" />
				<Option compiler="gcc" />
				<Option createDefFile="1" />
				<Option createStaticLib="1" />
				<Compiler>
					<Add option="-Wall" />
					<Add option="-DBUILD_DLL" />
					<Add option="-g" />
				</Compiler>
				<Linker>
					<Add library="user32" />
				</Linker>
			</Target>
			<Target title="Release">
				<Option output="../bin/Release/Lib" prefix_auto="1" extension_auto="1" />
				<Option object_output="../obj/Release/" />
				<Option type="3" />
				<Option compiler="gcc" />
				<Option createDefFile="1" />
				<Option createStaticLib="1" />
				<Compiler>
					<Add option="-Wall" />
					<Add option="-DBUILD_DLL" />
					<Add option="-O2" />
				</Compiler>
				<Linker>
					<Add option="-s" />
					<Add library="user32" />
				</Linker>
			</Target>
		</Build>
		<Compiler>
			<Add directory="include" />
			<Add directory="public_include" />
		</Compiler>
		<Unit filename="include/AccessInterface.hpp">
			<Option target="&lt;{~None~}&gt;" />
		</Unit>
		<Unit filename="include/BinaryVector.hpp">
			<Option target="&lt;{~None~}&gt;" />
		</Unit>
		<Unit filename="include/Chain.hpp">
			<Option target="&lt;{~None~}&gt;" />
		</Unit>
		<Unit filename="include/ConfigureVisitor.hpp">
			<Option target="&lt;{~None~}&gt;" />
		</Unit>
		<Unit filename="include/DataCycleWriteVisitor.hpp">
			<Option target="&lt;{~None~}&gt;" />
		</Unit>
		<Unit filename="include/GmlPrinterVisitor.hpp">
			<Option target="&lt;{~None~}&gt;" />
		</Unit>
		<Unit filename="include/Linker.hpp">
			<Option target="&lt;{~None~}&gt;" />
		</Unit>
		<Unit filename="include/ParentNode.hpp">
			<Option target="&lt;{~None~}&gt;" />
		</Unit>
		<Unit filename="include/PostConditionVisitor.hpp">
			<Option target="&lt;{~None~}&gt;" />
		</Unit>
		<Unit filename="include/PreconditionVisitor.hpp">
			<Option target="&lt;{~None~}&gt;" />
		</Unit>
		<Unit filename="include/PrettyPrinterVisitor.hpp">
			<Option target="&lt;{~None~}&gt;" />
		</Unit>
		<Unit filename="include/Register.hpp">
			<Option target="&lt;{~None~}&gt;" />
		</Unit>
		<Unit filename="include/SVFVector.hpp">
			<Option target="&lt;{~None~}&gt;" />
		</Unit>
		<Unit filename="include/SystemModel.hpp">
			<Option target="&lt;{~None~}&gt;" />
		</Unit>
		<Unit filename="include/SystemModelNode.hpp">
			<Option target="&lt;{~None~}&gt;" />
		</Unit>
		<Unit filename="include/SystemModelNodes.hpp">
			<Option target="&lt;{~None~}&gt;" />
		</Unit>
		<Unit filename="include/SystemModelVisitor.hpp">
			<Option target="&lt;{~None~}&gt;" />
		</Unit>
		<Unit filename="include/Tap.hpp">
			<Option target="&lt;{~None~}&gt;" />
		</Unit>
		<Unit filename="include/Utility.hpp">
			<Option target="&lt;{~None~}&gt;" />
		</Unit>
		<Unit filename="public_include/PDLAdapter.h">
			<Option target="&lt;{~None~}&gt;" />
		</Unit>
		<Unit filename="public_include/SystemModelAdapter.h">
			<Option target="&lt;{~None~}&gt;" />
		</Unit>
		<Unit filename="src/AccessInterface.cpp" />
		<Unit filename="src/BinaryVector.cpp" />
		<Unit filename="src/Chain.cpp" />
		<Unit filename="src/DefaultBinaryPathSelector.cpp" />
		<Unit filename="src/GmlPrinterVisitor.cpp" />
		<Unit filename="src/Linker.cpp" />
		<Unit filename="src/ParentNode.cpp" />
		<Unit filename="src/PrettyPrinterVisitor.cpp" />
		<Unit filename="src/Register.cpp" />
		<Unit filename="src/SystemModel.cpp" />
		<Unit filename="src/SystemModelNode.cpp" />
		<Unit filename="src/Tap.cpp" />
		<Unit filename="src/Utility.cpp" />
		<Extensions>
			<code_completion />
			<envvars />
			<debugger />
		</Extensions>
	</Project>
</CodeBlocks_project_file>
